
Microsoft Visual Studio Solution File, Format Version 12.00
# Visual Studio 2012
Project("{FAE04EC0-301F-11D3-BF4B-00C04F79EFBC}") = "Reader", "Reader\Reader.csproj", "{B67B743F-C8A8-4AD6-B3B0-1D54FBB3C5C8}"
EndProject
Global
	GlobalSection(SolutionConfigurationPlatforms) = preSolution
		Debug|Any CPU = Debug|Any CPU
		Release|Any CPU = Release|Any CPU
	EndGlobalSection
	GlobalSection(ProjectConfigurationPlatforms) = postSolution
		{B67B743F-C8A8-4AD6-B3B0-1D54FBB3C5C8}.Debug|Any CPU.ActiveCfg = Debug|Any CPU
		{B67B743F-C8A8-4AD6-B3B0-1D54FBB3C5C8}.Debug|Any CPU.Build.0 = Debug|Any CPU
		{B67B743F-C8A8-4AD6-B3B0-1D54FBB3C5C8}.Release|Any CPU.ActiveCfg = Release|Any CPU
		{B67B743F-C8A8-4AD6-B3B0-1D54FBB3C5C8}.Release|Any CPU.Build.0 = Release|Any CPU
	EndGlobalSection
EndGlobal
